
Microsoft Visual Studio Solution File, Format Version 12.00
# Visual Studio 15
VisualStudioVersion = 15.0.26403.3
MinimumVisualStudioVersion = 10.0.40219.1
Project("{FAE04EC0-301F-11D3-BF4B-00C04F79EFBC}") = "CounterLibrary", "CounterLibrary\CounterLibrary.csproj", "{DC140C35-3215-4C63-99A9-7CBAB423F0F6}"
EndProject
Project("{FAE04EC0-301F-11D3-BF4B-00C04F79EFBC}") = "CounterWeb", "CounterWeb\CounterWeb.csproj", "{9F2BAF70-C0C6-411F-82AF-F6B0C29CA748}"
EndProject
Project("{00D1A9C2-B5F0-4AF3-8072-F6C62B433612}") = "CounterDatabase", "CounterDatabase\CounterDatabase.sqlproj", "{8E0440DD-85E8-4048-8A77-45E3C9641414}"
EndProject
Global
	GlobalSection(SolutionConfigurationPlatforms) = preSolution
		Debug|Any CPU = Debug|Any CPU
		Release|Any CPU = Release|Any CPU
	EndGlobalSection
	GlobalSection(ProjectConfigurationPlatforms) = postSolution
		{DC140C35-3215-4C63-99A9-7CBAB423F0F6}.Debug|Any CPU.ActiveCfg = Debug|Any CPU
		{DC140C35-3215-4C63-99A9-7CBAB423F0F6}.Debug|Any CPU.Build.0 = Debug|Any CPU
		{DC140C35-3215-4C63-99A9-7CBAB423F0F6}.Release|Any CPU.ActiveCfg = Release|Any CPU
		{DC140C35-3215-4C63-99A9-7CBAB423F0F6}.Release|Any CPU.Build.0 = Release|Any CPU
		{9F2BAF70-C0C6-411F-82AF-F6B0C29CA748}.Debug|Any CPU.ActiveCfg = Debug|Any CPU
		{9F2BAF70-C0C6-411F-82AF-F6B0C29CA748}.Debug|Any CPU.Build.0 = Debug|Any CPU
		{9F2BAF70-C0C6-411F-82AF-F6B0C29CA748}.Release|Any CPU.ActiveCfg = Release|Any CPU
		{9F2BAF70-C0C6-411F-82AF-F6B0C29CA748}.Release|Any CPU.Build.0 = Release|Any CPU
		{8E0440DD-85E8-4048-8A77-45E3C9641414}.Debug|Any CPU.ActiveCfg = Debug|Any CPU
		{8E0440DD-85E8-4048-8A77-45E3C9641414}.Debug|Any CPU.Build.0 = Debug|Any CPU
		{8E0440DD-85E8-4048-8A77-45E3C9641414}.Debug|Any CPU.Deploy.0 = Debug|Any CPU
		{8E0440DD-85E8-4048-8A77-45E3C9641414}.Release|Any CPU.ActiveCfg = Release|Any CPU
		{8E0440DD-85E8-4048-8A77-45E3C9641414}.Release|Any CPU.Build.0 = Release|Any CPU
		{8E0440DD-85E8-4048-8A77-45E3C9641414}.Release|Any CPU.Deploy.0 = Release|Any CPU
	EndGlobalSection
	GlobalSection(SolutionProperties) = preSolution
		HideSolutionNode = FALSE
	EndGlobalSection
EndGlobal
